// !$*UTF8*$!
{
	archiveVersion = 1;
	classes = {
	};
	objectVersion = 56;
	objects = {

/* Begin PBXBuildFile section */
		F385C06E2D04159700A8CE0E /* SwiggyAliasApp.swift in Sources */ = {isa = PBXBuildFile; fileRef = F385C06D2D04159700A8CE0E /* SwiggyAliasApp.swift */; };
		F385C0702D04159700A8CE0E /* ContentView.swift in Sources */ = {isa = PBXBuildFile; fileRef = F385C06F2D04159700A8CE0E /* ContentView.swift */; };
		F385C0722D04159A00A8CE0E /* Assets.xcassets in Resources */ = {isa = PBXBuildFile; fileRef = F385C0712D04159A00A8CE0E /* Assets.xcassets */; };
		F385C0752D04159A00A8CE0E /* Preview Assets.xcassets in Resources */ = {isa = PBXBuildFile; fileRef = F385C0742D04159A00A8CE0E /* Preview Assets.xcassets */; };
		F385C07C2D0415F200A8CE0E /* StickyHeaderView.swift in Sources */ = {isa = PBXBuildFile; fileRef = F385C07B2D0415F200A8CE0E /* StickyHeaderView.swift */; };
		F385C07E2D0423EE00A8CE0E /* ProductImageView.swift in Sources */ = {isa = PBXBuildFile; fileRef = F385C07D2D0423EE00A8CE0E /* ProductImageView.swift */; };
		F385C0812D0433DE00A8CE0E /* ProductDescriptionView.swift in Sources */ = {isa = PBXBuildFile; fileRef = F385C0802D0433DE00A8CE0E /* ProductDescriptionView.swift */; };
		F385C0832D04364900A8CE0E /* ProductView.swift in Sources */ = {isa = PBXBuildFile; fileRef = F385C0822D04364900A8CE0E /* ProductView.swift */; };
		F385C0852D043E1600A8CE0E /* BannerImageView.swift in Sources */ = {isa = PBXBuildFile; fileRef = F385C0842D043E1600A8CE0E /* BannerImageView.swift */; };
		F385C0872D043E4900A8CE0E /* SectionHeaderView.swift in Sources */ = {isa = PBXBuildFile; fileRef = F385C0862D043E4900A8CE0E /* SectionHeaderView.swift */; };
		F385C0892D04415600A8CE0E /* HorizontalCollectionView.swift in Sources */ = {isa = PBXBuildFile; fileRef = F385C0882D04415600A8CE0E /* HorizontalCollectionView.swift */; };
		F385C0902D0468D600A8CE0E /* ProductViewModel.swift in Sources */ = {isa = PBXBuildFile; fileRef = F385C08F2D0468D600A8CE0E /* ProductViewModel.swift */; };
		F385C0922D04719400A8CE0E /* VerticalCollectionView.swift in Sources */ = {isa = PBXBuildFile; fileRef = F385C0912D04719400A8CE0E /* VerticalCollectionView.swift */; };
		F385C0942D04EEC700A8CE0E /* DetailView.swift in Sources */ = {isa = PBXBuildFile; fileRef = F385C0932D04EEC700A8CE0E /* DetailView.swift */; };
		F385C0962D04FD2D00A8CE0E /* PullToRefreshSpinnerView.swift in Sources */ = {isa = PBXBuildFile; fileRef = F385C0952D04FD2D00A8CE0E /* PullToRefreshSpinnerView.swift */; };
		F385C0982D04FF1500A8CE0E /* TabWidgetView.swift in Sources */ = {isa = PBXBuildFile; fileRef = F385C0972D04FF1500A8CE0E /* TabWidgetView.swift */; };
		F385C09A2D04FF6500A8CE0E /* Models.swift in Sources */ = {isa = PBXBuildFile; fileRef = F385C0992D04FF6500A8CE0E /* Models.swift */; };
/* End PBXBuildFile section */

/* Begin PBXFileReference section */
		F385C06A2D04159700A8CE0E /* SwiggyAlias.app */ = {isa = PBXFileReference; explicitFileType = wrapper.application; includeInIndex = 0; path = SwiggyAlias.app; sourceTree = BUILT_PRODUCTS_DIR; };
		F385C06D2D04159700A8CE0E /* SwiggyAliasApp.swift */ = {isa = PBXFileReference; lastKnownFileType = sourcecode.swift; path = SwiggyAliasApp.swift; sourceTree = "<group>"; };
		F385C06F2D04159700A8CE0E /* ContentView.swift */ = {isa = PBXFileReference; lastKnownFileType = sourcecode.swift; path = ContentView.swift; sourceTree = "<group>"; };
		F385C0712D04159A00A8CE0E /* Assets.xcassets */ = {isa = PBXFileReference; lastKnownFileType = folder.assetcatalog; path = Assets.xcassets; sourceTree = "<group>"; };
		F385C0742D04159A00A8CE0E /* Preview Assets.xcassets */ = {isa = PBXFileReference; lastKnownFileType = folder.assetcatalog; path = "Preview Assets.xcassets"; sourceTree = "<group>"; };
		F385C07B2D0415F200A8CE0E /* StickyHeaderView.swift */ = {isa = PBXFileReference; lastKnownFileType = sourcecode.swift; path = StickyHeaderView.swift; sourceTree = "<group>"; };
		F385C07D2D0423EE00A8CE0E /* ProductImageView.swift */ = {isa = PBXFileReference; lastKnownFileType = sourcecode.swift; path = ProductImageView.swift; sourceTree = "<group>"; };
		F385C0802D0433DE00A8CE0E /* ProductDescriptionView.swift */ = {isa = PBXFileReference; lastKnownFileType = sourcecode.swift; path = ProductDescriptionView.swift; sourceTree = "<group>"; };
		F385C0822D04364900A8CE0E /* ProductView.swift */ = {isa = PBXFileReference; lastKnownFileType = sourcecode.swift; path = ProductView.swift; sourceTree = "<group>"; };
		F385C0842D043E1600A8CE0E /* BannerImageView.swift */ = {isa = PBXFileReference; lastKnownFileType = sourcecode.swift; path = BannerImageView.swift; sourceTree = "<group>"; };
		F385C0862D043E4900A8CE0E /* SectionHeaderView.swift */ = {isa = PBXFileReference; lastKnownFileType = sourcecode.swift; path = SectionHeaderView.swift; sourceTree = "<group>"; };
		F385C0882D04415600A8CE0E /* HorizontalCollectionView.swift */ = {isa = PBXFileReference; lastKnownFileType = sourcecode.swift; path = HorizontalCollectionView.swift; sourceTree = "<group>"; };
		F385C08F2D0468D600A8CE0E /* ProductViewModel.swift */ = {isa = PBXFileReference; lastKnownFileType = sourcecode.swift; path = ProductViewModel.swift; sourceTree = "<group>"; };
		F385C0912D04719400A8CE0E /* VerticalCollectionView.swift */ = {isa = PBXFileReference; lastKnownFileType = sourcecode.swift; path = VerticalCollectionView.swift; sourceTree = "<group>"; };
		F385C0932D04EEC700A8CE0E /* DetailView.swift */ = {isa = PBXFileReference; lastKnownFileType = sourcecode.swift; path = DetailView.swift; sourceTree = "<group>"; };
		F385C0952D04FD2D00A8CE0E /* PullToRefreshSpinnerView.swift */ = {isa = PBXFileReference; lastKnownFileType = sourcecode.swift; path = PullToRefreshSpinnerView.swift; sourceTree = "<group>"; };
		F385C0972D04FF1500A8CE0E /* TabWidgetView.swift */ = {isa = PBXFileReference; lastKnownFileType = sourcecode.swift; path = TabWidgetView.swift; sourceTree = "<group>"; };
		F385C0992D04FF6500A8CE0E /* Models.swift */ = {isa = PBXFileReference; lastKnownFileType = sourcecode.swift; path = Models.swift; sourceTree = "<group>"; };
/* End PBXFileReference section */

/* Begin PBXFrameworksBuildPhase section */
		F385C0672D04159700A8CE0E /* Frameworks */ = {
			isa = PBXFrameworksBuildPhase;
			buildActionMask = 2147483647;
			files = (
			);
			runOnlyForDeploymentPostprocessing = 0;
		};
/* End PBXFrameworksBuildPhase section */

/* Begin PBXGroup section */
		F385C0612D04159700A8CE0E = {
			isa = PBXGroup;
			children = (
				F385C06C2D04159700A8CE0E /* SwiggyAlias */,
				F385C06B2D04159700A8CE0E /* Products */,
			);
			sourceTree = "<group>";
		};
		F385C06B2D04159700A8CE0E /* Products */ = {
			isa = PBXGroup;
			children = (
				F385C06A2D04159700A8CE0E /* SwiggyAlias.app */,
			);
			name = Products;
			sourceTree = "<group>";
		};
		F385C06C2D04159700A8CE0E /* SwiggyAlias */ = {
			isa = PBXGroup;
			children = (
				F385C08E2D0468BC00A8CE0E /* ViewModels */,
				F385C08D2D04688B00A8CE0E /* HeaderViews */,
				F385C08A2D04528A00A8CE0E /* CollectionViews */,
				F385C07F2D0433BB00A8CE0E /* ProductViews */,
				F385C0932D04EEC700A8CE0E /* DetailView.swift */,
				F385C06D2D04159700A8CE0E /* SwiggyAliasApp.swift */,
				F385C06F2D04159700A8CE0E /* ContentView.swift */,
				F385C0712D04159A00A8CE0E /* Assets.xcassets */,
				F385C0732D04159A00A8CE0E /* Preview Content */,
			);
			path = SwiggyAlias;
			sourceTree = "<group>";
		};
		F385C0732D04159A00A8CE0E /* Preview Content */ = {
			isa = PBXGroup;
			children = (
				F385C0742D04159A00A8CE0E /* Preview Assets.xcassets */,
			);
			path = "Preview Content";
			sourceTree = "<group>";
		};
		F385C07F2D0433BB00A8CE0E /* ProductViews */ = {
			isa = PBXGroup;
			children = (
				F385C0842D043E1600A8CE0E /* BannerImageView.swift */,
				F385C0822D04364900A8CE0E /* ProductView.swift */,
				F385C07D2D0423EE00A8CE0E /* ProductImageView.swift */,
				F385C0802D0433DE00A8CE0E /* ProductDescriptionView.swift */,
			);
			path = ProductViews;
			sourceTree = "<group>";
		};
		F385C08A2D04528A00A8CE0E /* CollectionViews */ = {
			isa = PBXGroup;
			children = (
				F385C0882D04415600A8CE0E /* HorizontalCollectionView.swift */,
				F385C0912D04719400A8CE0E /* VerticalCollectionView.swift */,
				F385C0972D04FF1500A8CE0E /* TabWidgetView.swift */,
			);
			path = CollectionViews;
			sourceTree = "<group>";
		};
		F385C08D2D04688B00A8CE0E /* HeaderViews */ = {
			isa = PBXGroup;
			children = (
				F385C07B2D0415F200A8CE0E /* StickyHeaderView.swift */,
				F385C0862D043E4900A8CE0E /* SectionHeaderView.swift */,
				F385C0952D04FD2D00A8CE0E /* PullToRefreshSpinnerView.swift */,
			);
			path = HeaderViews;
			sourceTree = "<group>";
		};
		F385C08E2D0468BC00A8CE0E /* ViewModels */ = {
			isa = PBXGroup;
			children = (
				F385C08F2D0468D600A8CE0E /* ProductViewModel.swift */,
				F385C0992D04FF6500A8CE0E /* Models.swift */,
			);
			path = ViewModels;
			sourceTree = "<group>";
		};
/* End PBXGroup section */

/* Begin PBXNativeTarget section */
		F385C0692D04159700A8CE0E /* SwiggyAlias */ = {
			isa = PBXNativeTarget;
			buildConfigurationList = F385C0782D04159A00A8CE0E /* Build configuration list for PBXNativeTarget "SwiggyAlias" */;
			buildPhases = (
				F385C0662D04159700A8CE0E /* Sources */,
				F385C0672D04159700A8CE0E /* Frameworks */,
				F385C0682D04159700A8CE0E /* Resources */,
			);
			buildRules = (
			);
			dependencies = (
			);
			name = SwiggyAlias;
			productName = SwiggyAlias;
			productReference = F385C06A2D04159700A8CE0E /* SwiggyAlias.app */;
			productType = "com.apple.product-type.application";
		};
/* End PBXNativeTarget section */

/* Begin PBXProject section */
		F385C0622D04159700A8CE0E /* Project object */ = {
			isa = PBXProject;
			attributes = {
				BuildIndependentTargetsInParallel = 1;
				LastSwiftUpdateCheck = 1500;
				LastUpgradeCheck = 1500;
				TargetAttributes = {
					F385C0692D04159700A8CE0E = {
						CreatedOnToolsVersion = 15.0.1;
					};
				};
			};
			buildConfigurationList = F385C0652D04159700A8CE0E /* Build configuration list for PBXProject "SwiggyAlias" */;
			compatibilityVersion = "Xcode 14.0";
			developmentRegion = en;
			hasScannedForEncodings = 0;
			knownRegions = (
				en,
				Base,
			);
			mainGroup = F385C0612D04159700A8CE0E;
			productRefGroup = F385C06B2D04159700A8CE0E /* Products */;
			projectDirPath = "";
			projectRoot = "";
			targets = (
				F385C0692D04159700A8CE0E /* SwiggyAlias */,
			);
		};
/* End PBXProject section */

/* Begin PBXResourcesBuildPhase section */
		F385C0682D04159700A8CE0E /* Resources */ = {
			isa = PBXResourcesBuildPhase;
			buildActionMask = 2147483647;
			files = (
				F385C0752D04159A00A8CE0E /* Preview Assets.xcassets in Resources */,
				F385C0722D04159A00A8CE0E /* Assets.xcassets in Resources */,
			);
			runOnlyForDeploymentPostprocessing = 0;
		};
/* End PBXResourcesBuildPhase section */

/* Begin PBXSourcesBuildPhase section */
		F385C0662D04159700A8CE0E /* Sources */ = {
			isa = PBXSourcesBuildPhase;
			buildActionMask = 2147483647;
			files = (
				F385C0812D0433DE00A8CE0E /* ProductDescriptionView.swift in Sources */,
				F385C0942D04EEC700A8CE0E /* DetailView.swift in Sources */,
				F385C0902D0468D600A8CE0E /* ProductViewModel.swift in Sources */,
				F385C0702D04159700A8CE0E /* ContentView.swift in Sources */,
				F385C0852D043E1600A8CE0E /* BannerImageView.swift in Sources */,
				F385C0962D04FD2D00A8CE0E /* PullToRefreshSpinnerView.swift in Sources */,
				F385C0892D04415600A8CE0E /* HorizontalCollectionView.swift in Sources */,
				F385C0872D043E4900A8CE0E /* SectionHeaderView.swift in Sources */,
				F385C0982D04FF1500A8CE0E /* TabWidgetView.swift in Sources */,
				F385C09A2D04FF6500A8CE0E /* Models.swift in Sources */,
				F385C07C2D0415F200A8CE0E /* StickyHeaderView.swift in Sources */,
				F385C06E2D04159700A8CE0E /* SwiggyAliasApp.swift in Sources */,
				F385C0922D04719400A8CE0E /* VerticalCollectionView.swift in Sources */,
				F385C0832D04364900A8CE0E /* ProductView.swift in Sources */,
				F385C07E2D0423EE00A8CE0E /* ProductImageView.swift in Sources */,
			);
			runOnlyForDeploymentPostprocessing = 0;
		};
/* End PBXSourcesBuildPhase section */

/* Begin XCBuildConfiguration section */
		F385C0762D04159A00A8CE0E /* Debug */ = {
			isa = XCBuildConfiguration;
			buildSettings = {
				ALWAYS_SEARCH_USER_PATHS = NO;
				ASSETCATALOG_COMPILER_GENERATE_SWIFT_ASSET_SYMBOL_EXTENSIONS = YES;
				CLANG_ANALYZER_NONNULL = YES;
				CLANG_ANALYZER_NUMBER_OBJECT_CONVERSION = YES_AGGRESSIVE;
				CLANG_CXX_LANGUAGE_STANDARD = "gnu++20";
				CLANG_ENABLE_MODULES = YES;
				CLANG_ENABLE_OBJC_ARC = YES;
				CLANG_ENABLE_OBJC_WEAK = YES;
				CLANG_WARN_BLOCK_CAPTURE_AUTORELEASING = YES;
				CLANG_WARN_BOOL_CONVERSION = YES;
				CLANG_WARN_COMMA = YES;
				CLANG_WARN_CONSTANT_CONVERSION = YES;
				CLANG_WARN_DEPRECATED_OBJC_IMPLEMENTATIONS = YES;
				CLANG_WARN_DIRECT_OBJC_ISA_USAGE = YES_ERROR;
				CLANG_WARN_DOCUMENTATION_COMMENTS = YES;
				CLANG_WARN_EMPTY_BODY = YES;
				CLANG_WARN_ENUM_CONVERSION = YES;
				CLANG_WARN_INFINITE_RECURSION = YES;
				CLANG_WARN_INT_CONVERSION = YES;
				CLANG_WARN_NON_LITERAL_NULL_CONVERSION = YES;
				CLANG_WARN_OBJC_IMPLICIT_RETAIN_SELF = YES;
				CLANG_WARN_OBJC_LITERAL_CONVERSION = YES;
				CLANG_WARN_OBJC_ROOT_CLASS = YES_ERROR;
				CLANG_WARN_QUOTED_INCLUDE_IN_FRAMEWORK_HEADER = YES;
				CLANG_WARN_RANGE_LOOP_ANALYSIS = YES;
				CLANG_WARN_STRICT_PROTOTYPES = YES;
				CLANG_WARN_SUSPICIOUS_MOVE = YES;
				CLANG_WARN_UNGUARDED_AVAILABILITY = YES_AGGRESSIVE;
				CLANG_WARN_UNREACHABLE_CODE = YES;
				CLANG_WARN__DUPLICATE_METHOD_MATCH = YES;
				COPY_PHASE_STRIP = NO;
				DEBUG_INFORMATION_FORMAT = dwarf;
				ENABLE_STRICT_OBJC_MSGSEND = YES;
				ENABLE_TESTABILITY = YES;
				ENABLE_USER_SCRIPT_SANDBOXING = YES;
				GCC_C_LANGUAGE_STANDARD = gnu17;
				GCC_DYNAMIC_NO_PIC = NO;
				GCC_NO_COMMON_BLOCKS = YES;
				GCC_OPTIMIZATION_LEVEL = 0;
				GCC_PREPROCESSOR_DEFINITIONS = (
					"DEBUG=1",
					"$(inherited)",
				);
				GCC_WARN_64_TO_32_BIT_CONVERSION = YES;
				GCC_WARN_ABOUT_RETURN_TYPE = YES_ERROR;
				GCC_WARN_UNDECLARED_SELECTOR = YES;
				GCC_WARN_UNINITIALIZED_AUTOS = YES_AGGRESSIVE;
				GCC_WARN_UNUSED_FUNCTION = YES;
				GCC_WARN_UNUSED_VARIABLE = YES;
				IPHONEOS_DEPLOYMENT_TARGET = 15.0;
				LOCALIZATION_PREFERS_STRING_CATALOGS = YES;
				MTL_ENABLE_DEBUG_INFO = INCLUDE_SOURCE;
				MTL_FAST_MATH = YES;
				ONLY_ACTIVE_ARCH = YES;
				SDKROOT = iphoneos;
				SWIFT_ACTIVE_COMPILATION_CONDITIONS = "DEBUG $(inherited)";
				SWIFT_OPTIMIZATION_LEVEL = "-Onone";
			};
			name = Debug;
		};
		F385C0772D04159A00A8CE0E /* Release */ = {
			isa = XCBuildConfiguration;
			buildSettings = {
				ALWAYS_SEARCH_USER_PATHS = NO;
				ASSETCATALOG_COMPILER_GENERATE_SWIFT_ASSET_SYMBOL_EXTENSIONS = YES;
				CLANG_ANALYZER_NONNULL = YES;
				CLANG_ANALYZER_NUMBER_OBJECT_CONVERSION = YES_AGGRESSIVE;
				CLANG_CXX_LANGUAGE_STANDARD = "gnu++20";
				CLANG_ENABLE_MODULES = YES;
				CLANG_ENABLE_OBJC_ARC = YES;
				CLANG_ENABLE_OBJC_WEAK = YES;
				CLANG_WARN_BLOCK_CAPTURE_AUTORELEASING = YES;
				CLANG_WARN_BOOL_CONVERSION = YES;
				CLANG_WARN_COMMA = YES;
				CLANG_WARN_CONSTANT_CONVERSION = YES;
				CLANG_WARN_DEPRECATED_OBJC_IMPLEMENTATIONS = YES;
				CLANG_WARN_DIRECT_OBJC_ISA_USAGE = YES_ERROR;
				CLANG_WARN_DOCUMENTATION_COMMENTS = YES;
				CLANG_WARN_EMPTY_BODY = YES;
				CLANG_WARN_ENUM_CONVERSION = YES;
				CLANG_WARN_INFINITE_RECURSION = YES;
				CLANG_WARN_INT_CONVERSION = YES;
				CLANG_WARN_NON_LITERAL_NULL_CONVERSION = YES;
				CLANG_WARN_OBJC_IMPLICIT_RETAIN_SELF = YES;
				CLANG_WARN_OBJC_LITERAL_CONVERSION = YES;
				CLANG_WARN_OBJC_ROOT_CLASS = YES_ERROR;
				CLANG_WARN_QUOTED_INCLUDE_IN_FRAMEWORK_HEADER = YES;
				CLANG_WARN_RANGE_LOOP_ANALYSIS = YES;
				CLANG_WARN_STRICT_PROTOTYPES = YES;
				CLANG_WARN_SUSPICIOUS_MOVE = YES;
				CLANG_WARN_UNGUARDED_AVAILABILITY = YES_AGGRESSIVE;
				CLANG_WARN_UNREACHABLE_CODE = YES;
				CLANG_WARN__DUPLICATE_METHOD_MATCH = YES;
				COPY_PHASE_STRIP = NO;
				DEBUG_INFORMATION_FORMAT = "dwarf-with-dsym";
				ENABLE_NS_ASSERTIONS = NO;
				ENABLE_STRICT_OBJC_MSGSEND = YES;
				ENABLE_USER_SCRIPT_SANDBOXING = YES;
				GCC_C_LANGUAGE_STANDARD = gnu17;
				GCC_NO_COMMON_BLOCKS = YES;
				GCC_WARN_64_TO_32_BIT_CONVERSION = YES;
				GCC_WARN_ABOUT_RETURN_TYPE = YES_ERROR;
				GCC_WARN_UNDECLARED_SELECTOR = YES;
				GCC_WARN_UNINITIALIZED_AUTOS = YES_AGGRESSIVE;
				GCC_WARN_UNUSED_FUNCTION = YES;
				GCC_WARN_UNUSED_VARIABLE = YES;
				IPHONEOS_DEPLOYMENT_TARGET = 15.0;
				LOCALIZATION_PREFERS_STRING_CATALOGS = YES;
				MTL_ENABLE_DEBUG_INFO = NO;
				MTL_FAST_MATH = YES;
				SDKROOT = iphoneos;
				SWIFT_COMPILATION_MODE = wholemodule;
				VALIDATE_PRODUCT = YES;
			};
			name = Release;
		};
		F385C0792D04159A00A8CE0E /* Debug */ = {
			isa = XCBuildConfiguration;
			buildSettings = {
				ASSETCATALOG_COMPILER_APPICON_NAME = AppIcon;
				ASSETCATALOG_COMPILER_GLOBAL_ACCENT_COLOR_NAME = AccentColor;
				CODE_SIGN_STYLE = Automatic;
				CURRENT_PROJECT_VERSION = 1;
				DEVELOPMENT_ASSET_PATHS = "\"SwiggyAlias/Preview Content\"";
				DEVELOPMENT_TEAM = AC876T72T6;
				ENABLE_PREVIEWS = YES;
				GENERATE_INFOPLIST_FILE = YES;
				INFOPLIST_KEY_UIApplicationSceneManifest_Generation = YES;
				INFOPLIST_KEY_UIApplicationSupportsIndirectInputEvents = YES;
				INFOPLIST_KEY_UILaunchScreen_Generation = YES;
				INFOPLIST_KEY_UISupportedInterfaceOrientations_iPad = "UIInterfaceOrientationPortrait UIInterfaceOrientationPortraitUpsideDown UIInterfaceOrientationLandscapeLeft UIInterfaceOrientationLandscapeRight";
				INFOPLIST_KEY_UISupportedInterfaceOrientations_iPhone = "UIInterfaceOrientationPortrait UIInterfaceOrientationLandscapeLeft UIInterfaceOrientationLandscapeRight";
				IPHONEOS_DEPLOYMENT_TARGET = 15.0;
				LD_RUNPATH_SEARCH_PATHS = (
					"$(inherited)",
					"@executable_path/Frameworks",
				);
				MARKETING_VERSION = 1.0;
				PRODUCT_BUNDLE_IDENTIFIER = com.example.SwiggyAlias;
				PRODUCT_NAME = "$(TARGET_NAME)";
				SWIFT_EMIT_LOC_STRINGS = YES;
				SWIFT_VERSION = 5.0;
				TARGETED_DEVICE_FAMILY = "1,2";
			};
			name = Debug;
		};
		F385C07A2D04159A00A8CE0E /* Release */ = {
			isa = XCBuildConfiguration;
			buildSettings = {
				ASSETCATALOG_COMPILER_APPICON_NAME = AppIcon;
				ASSETCATALOG_COMPILER_GLOBAL_ACCENT_COLOR_NAME = AccentColor;
				CODE_SIGN_STYLE = Automatic;
				CURRENT_PROJECT_VERSION = 1;
				DEVELOPMENT_ASSET_PATHS = "\"SwiggyAlias/Preview Content\"";
				DEVELOPMENT_TEAM = AC876T72T6;
				ENABLE_PREVIEWS = YES;
				GENERATE_INFOPLIST_FILE = YES;
				INFOPLIST_KEY_UIApplicationSceneManifest_Generation = YES;
				INFOPLIST_KEY_UIApplicationSupportsIndirectInputEvents = YES;
				INFOPLIST_KEY_UILaunchScreen_Generation = YES;
				INFOPLIST_KEY_UISupportedInterfaceOrientations_iPad = "UIInterfaceOrientationPortrait UIInterfaceOrientationPortraitUpsideDown UIInterfaceOrientationLandscapeLeft UIInterfaceOrientationLandscapeRight";
				INFOPLIST_KEY_UISupportedInterfaceOrientations_iPhone = "UIInterfaceOrientationPortrait UIInterfaceOrientationLandscapeLeft UIInterfaceOrientationLandscapeRight";
				IPHONEOS_DEPLOYMENT_TARGET = 15.0;
				LD_RUNPATH_SEARCH_PATHS = (
					"$(inherited)",
					"@executable_path/Frameworks",
				);
				MARKETING_VERSION = 1.0;
				PRODUCT_BUNDLE_IDENTIFIER = com.example.SwiggyAlias;
				PRODUCT_NAME = "$(TARGET_NAME)";
				SWIFT_EMIT_LOC_STRINGS = YES;
				SWIFT_VERSION = 5.0;
				TARGETED_DEVICE_FAMILY = "1,2";
			};
			name = Release;
		};
/* End XCBuildConfiguration section */

/* Begin XCConfigurationList section */
		F385C0652D04159700A8CE0E /* Build configuration list for PBXProject "SwiggyAlias" */ = {
			isa = XCConfigurationList;
			buildConfigurations = (
				F385C0762D04159A00A8CE0E /* Debug */,
				F385C0772D04159A00A8CE0E /* Release */,
			);
			defaultConfigurationIsVisible = 0;
			defaultConfigurationName = Release;
		};
		F385C0782D04159A00A8CE0E /* Build configuration list for PBXNativeTarget "SwiggyAlias" */ = {
			isa = XCConfigurationList;
			buildConfigurations = (
				F385C0792D04159A00A8CE0E /* Debug */,
				F385C07A2D04159A00A8CE0E /* Release */,
			);
			defaultConfigurationIsVisible = 0;
			defaultConfigurationName = Release;
		};
/* End XCConfigurationList section */
	};
	rootObject = F385C0622D04159700A8CE0E /* Project object */;
}
